// !$*UTF8*$!
{
	archiveVersion = 1;
	classes = {
	};
	objectVersion = 55;
	objects = {

/* Begin PBXBuildFile section */
		DCE222512B70F01A00166872 /* AppDelegate.m in Sources */ = {isa = PBXBuildFile; fileRef = DCE222502B70F01A00166872 /* AppDelegate.m */; };
		DCE222542B70F01A00166872 /* SceneDelegate.m in Sources */ = {isa = PBXBuildFile; fileRef = DCE222532B70F01A00166872 /* SceneDelegate.m */; };
		DCE222572B70F01A00166872 /* ViewController.m in Sources */ = {isa = PBXBuildFile; fileRef = DCE222562B70F01A00166872 /* ViewController.m */; };
		DCE2225A2B70F01A00166872 /* Main.storyboard in Resources */ = {isa = PBXBuildFile; fileRef = DCE222582B70F01A00166872 /* Main.storyboard */; };
		DCE2225C2B70F02300166872 /* Assets.xcassets in Resources */ = {isa = PBXBuildFile; fileRef = DCE2225B2B70F02300166872 /* Assets.xcassets */; };
		DCE2225F2B70F02300166872 /* LaunchScreen.storyboard in Resources */ = {isa = PBXBuildFile; fileRef = DCE2225D2B70F02300166872 /* LaunchScreen.storyboard */; };
		DCE222622B70F02300166872 /* main.m in Sources */ = {isa = PBXBuildFile; fileRef = DCE222612B70F02300166872 /* main.m */; };
		DCE2226A2B70F23600166872 /* DieView.m in Sources */ = {isa = PBXBuildFile; fileRef = DCE222692B70F23600166872 /* DieView.m */; };
		DCE2226D2B70F5BE00166872 /* DiceDataController.m in Sources */ = {isa = PBXBuildFile; fileRef = DCE2226C2B70F5BE00166872 /* DiceDataController.m */; };
/* End PBXBuildFile section */

/* Begin PBXFileReference section */
		DCE2224C2B70F01A00166872 /* Dice Roll.app */ = {isa = PBXFileReference; explicitFileType = wrapper.application; includeInIndex = 0; path = "Dice Roll.app"; sourceTree = BUILT_PRODUCTS_DIR; };
		DCE2224F2B70F01A00166872 /* AppDelegate.h */ = {isa = PBXFileReference; lastKnownFileType = sourcecode.c.h; path = AppDelegate.h; sourceTree = "<group>"; };
		DCE222502B70F01A00166872 /* AppDelegate.m */ = {isa = PBXFileReference; lastKnownFileType = sourcecode.c.objc; path = AppDelegate.m; sourceTree = "<group>"; };
		DCE222522B70F01A00166872 /* SceneDelegate.h */ = {isa = PBXFileReference; lastKnownFileType = sourcecode.c.h; path = SceneDelegate.h; sourceTree = "<group>"; };
		DCE222532B70F01A00166872 /* SceneDelegate.m */ = {isa = PBXFileReference; lastKnownFileType = sourcecode.c.objc; path = SceneDelegate.m; sourceTree = "<group>"; };
		DCE222552B70F01A00166872 /* ViewController.h */ = {isa = PBXFileReference; lastKnownFileType = sourcecode.c.h; path = ViewController.h; sourceTree = "<group>"; };
		DCE222562B70F01A00166872 /* ViewController.m */ = {isa = PBXFileReference; lastKnownFileType = sourcecode.c.objc; path = ViewController.m; sourceTree = "<group>"; };
		DCE222592B70F01A00166872 /* Base */ = {isa = PBXFileReference; lastKnownFileType = file.storyboard; name = Base; path = Base.lproj/Main.storyboard; sourceTree = "<group>"; };
		DCE2225B2B70F02300166872 /* Assets.xcassets */ = {isa = PBXFileReference; lastKnownFileType = folder.assetcatalog; path = Assets.xcassets; sourceTree = "<group>"; };
		DCE2225E2B70F02300166872 /* Base */ = {isa = PBXFileReference; lastKnownFileType = file.storyboard; name = Base; path = Base.lproj/LaunchScreen.storyboard; sourceTree = "<group>"; };
		DCE222602B70F02300166872 /* Info.plist */ = {isa = PBXFileReference; lastKnownFileType = text.plist.xml; path = Info.plist; sourceTree = "<group>"; };
		DCE222612B70F02300166872 /* main.m */ = {isa = PBXFileReference; lastKnownFileType = sourcecode.c.objc; path = main.m; sourceTree = "<group>"; };
		DCE222682B70F23600166872 /* DieView.h */ = {isa = PBXFileReference; lastKnownFileType = sourcecode.c.h; path = DieView.h; sourceTree = "<group>"; };
		DCE222692B70F23600166872 /* DieView.m */ = {isa = PBXFileReference; lastKnownFileType = sourcecode.c.objc; path = DieView.m; sourceTree = "<group>"; };
		DCE2226B2B70F5BE00166872 /* DiceDataController.h */ = {isa = PBXFileReference; lastKnownFileType = sourcecode.c.h; path = DiceDataController.h; sourceTree = "<group>"; };
		DCE2226C2B70F5BE00166872 /* DiceDataController.m */ = {isa = PBXFileReference; lastKnownFileType = sourcecode.c.objc; path = DiceDataController.m; sourceTree = "<group>"; };
/* End PBXFileReference section */

/* Begin PBXFrameworksBuildPhase section */
		DCE222492B70F01A00166872 /* Frameworks */ = {
			isa = PBXFrameworksBuildPhase;
			buildActionMask = 2147483647;
			files = (
			);
			runOnlyForDeploymentPostprocessing = 0;
		};
/* End PBXFrameworksBuildPhase section */

/* Begin PBXGroup section */
		DCE222432B70F01900166872 = {
			isa = PBXGroup;
			children = (
				DCE2224E2B70F01A00166872 /* Dice Roll */,
				DCE2224D2B70F01A00166872 /* Products */,
			);
			sourceTree = "<group>";
		};
		DCE2224D2B70F01A00166872 /* Products */ = {
			isa = PBXGroup;
			children = (
				DCE2224C2B70F01A00166872 /* Dice Roll.app */,
			);
			name = Products;
			sourceTree = "<group>";
		};
		DCE2224E2B70F01A00166872 /* Dice Roll */ = {
			isa = PBXGroup;
			children = (
				DCE2224F2B70F01A00166872 /* AppDelegate.h */,
				DCE222502B70F01A00166872 /* AppDelegate.m */,
				DCE222522B70F01A00166872 /* SceneDelegate.h */,
				DCE222532B70F01A00166872 /* SceneDelegate.m */,
				DCE222552B70F01A00166872 /* ViewController.h */,
				DCE222562B70F01A00166872 /* ViewController.m */,
				DCE222582B70F01A00166872 /* Main.storyboard */,
				DCE2226B2B70F5BE00166872 /* DiceDataController.h */,
				DCE2226C2B70F5BE00166872 /* DiceDataController.m */,
				DCE2225B2B70F02300166872 /* Assets.xcassets */,
				DCE2225D2B70F02300166872 /* LaunchScreen.storyboard */,
				DCE222602B70F02300166872 /* Info.plist */,
				DCE222612B70F02300166872 /* main.m */,
				DCE222682B70F23600166872 /* DieView.h */,
				DCE222692B70F23600166872 /* DieView.m */,
			);
			path = "Dice Roll";
			sourceTree = "<group>";
		};
/* End PBXGroup section */

/* Begin PBXNativeTarget section */
		DCE2224B2B70F01A00166872 /* Dice Roll */ = {
			isa = PBXNativeTarget;
			buildConfigurationList = DCE222652B70F02300166872 /* Build configuration list for PBXNativeTarget "Dice Roll" */;
			buildPhases = (
				DCE222482B70F01A00166872 /* Sources */,
				DCE222492B70F01A00166872 /* Frameworks */,
				DCE2224A2B70F01A00166872 /* Resources */,
			);
			buildRules = (
			);
			dependencies = (
			);
			name = "Dice Roll";
			productName = "Dice Roll";
			productReference = DCE2224C2B70F01A00166872 /* Dice Roll.app */;
			productType = "com.apple.product-type.application";
		};
/* End PBXNativeTarget section */

/* Begin PBXProject section */
		DCE222442B70F01900166872 /* Project object */ = {
			isa = PBXProject;
			attributes = {
				BuildIndependentTargetsInParallel = 1;
				LastUpgradeCheck = 1330;
				TargetAttributes = {
					DCE2224B2B70F01A00166872 = {
						CreatedOnToolsVersion = 13.3.1;
					};
				};
			};
			buildConfigurationList = DCE222472B70F01900166872 /* Build configuration list for PBXProject "Dice Roll" */;
			compatibilityVersion = "Xcode 13.0";
			developmentRegion = en;
			hasScannedForEncodings = 0;
			knownRegions = (
				en,
				Base,
			);
			mainGroup = DCE222432B70F01900166872;
			productRefGroup = DCE2224D2B70F01A00166872 /* Products */;
			projectDirPath = "";
			projectRoot = "";
			targets = (
				DCE2224B2B70F01A00166872 /* Dice Roll */,
			);
		};
/* End PBXProject section */

/* Begin PBXResourcesBuildPhase section */
		DCE2224A2B70F01A00166872 /* Resources */ = {
			isa = PBXResourcesBuildPhase;
			buildActionMask = 2147483647;
			files = (
				DCE2225F2B70F02300166872 /* LaunchScreen.storyboard in Resources */,
				DCE2225C2B70F02300166872 /* Assets.xcassets in Resources */,
				DCE2225A2B70F01A00166872 /* Main.storyboard in Resources */,
			);
			runOnlyForDeploymentPostprocessing = 0;
		};
/* End PBXResourcesBuildPhase section */

/* Begin PBXSourcesBuildPhase section */
		DCE222482B70F01A00166872 /* Sources */ = {
			isa = PBXSourcesBuildPhase;
			buildActionMask = 2147483647;
			files = (
				DCE2226D2B70F5BE00166872 /* DiceDataController.m in Sources */,
				DCE222572B70F01A00166872 /* ViewController.m in Sources */,
				DCE222512B70F01A00166872 /* AppDelegate.m in Sources */,
				DCE2226A2B70F23600166872 /* DieView.m in Sources */,
				DCE222622B70F02300166872 /* main.m in Sources */,
				DCE222542B70F01A00166872 /* SceneDelegate.m in Sources */,
			);
			runOnlyForDeploymentPostprocessing = 0;
		};
/* End PBXSourcesBuildPhase section */

/* Begin PBXVariantGroup section */
		DCE222582B70F01A00166872 /* Main.storyboard */ = {
			isa = PBXVariantGroup;
			children = (
				DCE222592B70F01A00166872 /* Base */,
			);
			name = Main.storyboard;
			sourceTree = "<group>";
		};
		DCE2225D2B70F02300166872 /* LaunchScreen.storyboard */ = {
			isa = PBXVariantGroup;
			children = (
				DCE2225E2B70F02300166872 /* Base */,
			);
			name = LaunchScreen.storyboard;
			sourceTree = "<group>";
		};
/* End PBXVariantGroup section */

/* Begin XCBuildConfiguration section */
		DCE222632B70F02300166872 /* Debug */ = {
			isa = XCBuildConfiguration;
			buildSettings = {
				ALWAYS_SEARCH_USER_PATHS = NO;
				CLANG_ANALYZER_NONNULL = YES;
				CLANG_ANALYZER_NUMBER_OBJECT_CONVERSION = YES_AGGRESSIVE;
				CLANG_CXX_LANGUAGE_STANDARD = "gnu++17";
				CLANG_ENABLE_MODULES = YES;
				CLANG_ENABLE_OBJC_ARC = YES;
				CLANG_ENABLE_OBJC_WEAK = YES;
				CLANG_WARN_BLOCK_CAPTURE_AUTORELEASING = YES;
				CLANG_WARN_BOOL_CONVERSION = YES;
				CLANG_WARN_COMMA = YES;
				CLANG_WARN_CONSTANT_CONVERSION = YES;
				CLANG_WARN_DEPRECATED_OBJC_IMPLEMENTATIONS = YES;
				CLANG_WARN_DIRECT_OBJC_ISA_USAGE = YES_ERROR;
				CLANG_WARN_DOCUMENTATION_COMMENTS = YES;
				CLANG_WARN_EMPTY_BODY = YES;
				CLANG_WARN_ENUM_CONVERSION = YES;
				CLANG_WARN_INFINITE_RECURSION = YES;
				CLANG_WARN_INT_CONVERSION = YES;
				CLANG_WARN_NON_LITERAL_NULL_CONVERSION = YES;
				CLANG_WARN_OBJC_IMPLICIT_RETAIN_SELF = YES;
				CLANG_WARN_OBJC_LITERAL_CONVERSION = YES;
				CLANG_WARN_OBJC_ROOT_CLASS = YES_ERROR;
				CLANG_WARN_QUOTED_INCLUDE_IN_FRAMEWORK_HEADER = YES;
				CLANG_WARN_RANGE_LOOP_ANALYSIS = YES;
				CLANG_WARN_STRICT_PROTOTYPES = YES;
				CLANG_WARN_SUSPICIOUS_MOVE = YES;
				CLANG_WARN_UNGUARDED_AVAILABILITY = YES_AGGRESSIVE;
				CLANG_WARN_UNREACHABLE_CODE = YES;
				CLANG_WARN__DUPLICATE_METHOD_MATCH = YES;
				COPY_PHASE_STRIP = NO;
				DEBUG_INFORMATION_FORMAT = dwarf;
				ENABLE_STRICT_OBJC_MSGSEND = YES;
				ENABLE_TESTABILITY = YES;
				GCC_C_LANGUAGE_STANDARD = gnu11;
				GCC_DYNAMIC_NO_PIC = NO;
				GCC_NO_COMMON_BLOCKS = YES;
				GCC_OPTIMIZATION_LEVEL = 0;
				GCC_PREPROCESSOR_DEFINITIONS = (
					"DEBUG=1",
					"$(inherited)",
				);
				GCC_WARN_64_TO_32_BIT_CONVERSION = YES;
				GCC_WARN_ABOUT_RETURN_TYPE = YES_ERROR;
				GCC_WARN_UNDECLARED_SELECTOR = YES;
				GCC_WARN_UNINITIALIZED_AUTOS = YES_AGGRESSIVE;
				GCC_WARN_UNUSED_FUNCTION = YES;
				GCC_WARN_UNUSED_VARIABLE = YES;
				IPHONEOS_DEPLOYMENT_TARGET = 15.4;
				MTL_ENABLE_DEBUG_INFO = INCLUDE_SOURCE;
				MTL_FAST_MATH = YES;
				ONLY_ACTIVE_ARCH = YES;
				SDKROOT = iphoneos;
			};
			name = Debug;
		};
		DCE222642B70F02300166872 /* Release */ = {
			isa = XCBuildConfiguration;
			buildSettings = {
				ALWAYS_SEARCH_USER_PATHS = NO;
				CLANG_ANALYZER_NONNULL = YES;
				CLANG_ANALYZER_NUMBER_OBJECT_CONVERSION = YES_AGGRESSIVE;
				CLANG_CXX_LANGUAGE_STANDARD = "gnu++17";
				CLANG_ENABLE_MODULES = YES;
				CLANG_ENABLE_OBJC_ARC = YES;
				CLANG_ENABLE_OBJC_WEAK = YES;
				CLANG_WARN_BLOCK_CAPTURE_AUTORELEASING = YES;
				CLANG_WARN_BOOL_CONVERSION = YES;
				CLANG_WARN_COMMA = YES;
				CLANG_WARN_CONSTANT_CONVERSION = YES;
				CLANG_WARN_DEPRECATED_OBJC_IMPLEMENTATIONS = YES;
				CLANG_WARN_DIRECT_OBJC_ISA_USAGE = YES_ERROR;
				CLANG_WARN_DOCUMENTATION_COMMENTS = YES;
				CLANG_WARN_EMPTY_BODY = YES;
				CLANG_WARN_ENUM_CONVERSION = YES;
				CLANG_WARN_INFINITE_RECURSION = YES;
				CLANG_WARN_INT_CONVERSION = YES;
				CLANG_WARN_NON_LITERAL_NULL_CONVERSION = YES;
				CLANG_WARN_OBJC_IMPLICIT_RETAIN_SELF = YES;
				CLANG_WARN_OBJC_LITERAL_CONVERSION = YES;
				CLANG_WARN_OBJC_ROOT_CLASS = YES_ERROR;
				CLANG_WARN_QUOTED_INCLUDE_IN_FRAMEWORK_HEADER = YES;
				CLANG_WARN_RANGE_LOOP_ANALYSIS = YES;
				CLANG_WARN_STRICT_PROTOTYPES = YES;
				CLANG_WARN_SUSPICIOUS_MOVE = YES;
				CLANG_WARN_UNGUARDED_AVAILABILITY = YES_AGGRESSIVE;
				CLANG_WARN_UNREACHABLE_CODE = YES;
				CLANG_WARN__DUPLICATE_METHOD_MATCH = YES;
				COPY_PHASE_STRIP = NO;
				DEBUG_INFORMATION_FORMAT = "dwarf-with-dsym";
				ENABLE_NS_ASSERTIONS = NO;
				ENABLE_STRICT_OBJC_MSGSEND = YES;
				GCC_C_LANGUAGE_STANDARD = gnu11;
				GCC_NO_COMMON_BLOCKS = YES;
				GCC_WARN_64_TO_32_BIT_CONVERSION = YES;
				GCC_WARN_ABOUT_RETURN_TYPE = YES_ERROR;
				GCC_WARN_UNDECLARED_SELECTOR = YES;
				GCC_WARN_UNINITIALIZED_AUTOS = YES_AGGRESSIVE;
				GCC_WARN_UNUSED_FUNCTION = YES;
				GCC_WARN_UNUSED_VARIABLE = YES;
				IPHONEOS_DEPLOYMENT_TARGET = 15.4;
				MTL_ENABLE_DEBUG_INFO = NO;
				MTL_FAST_MATH = YES;
				SDKROOT = iphoneos;
				VALIDATE_PRODUCT = YES;
			};
			name = Release;
		};
		DCE222662B70F02300166872 /* Debug */ = {
			isa = XCBuildConfiguration;
			buildSettings = {
				ASSETCATALOG_COMPILER_APPICON_NAME = AppIcon;
				ASSETCATALOG_COMPILER_GLOBAL_ACCENT_COLOR_NAME = AccentColor;
				CODE_SIGN_STYLE = Automatic;
				CURRENT_PROJECT_VERSION = 1;
				GENERATE_INFOPLIST_FILE = YES;
				INFOPLIST_FILE = "Dice Roll/Info.plist";
				INFOPLIST_KEY_UIApplicationSupportsIndirectInputEvents = YES;
				INFOPLIST_KEY_UILaunchStoryboardName = LaunchScreen;
				INFOPLIST_KEY_UIMainStoryboardFile = Main;
				INFOPLIST_KEY_UISupportedInterfaceOrientations_iPad = "UIInterfaceOrientationPortrait UIInterfaceOrientationPortraitUpsideDown UIInterfaceOrientationLandscapeLeft UIInterfaceOrientationLandscapeRight";
				INFOPLIST_KEY_UISupportedInterfaceOrientations_iPhone = "UIInterfaceOrientationPortrait UIInterfaceOrientationLandscapeLeft UIInterfaceOrientationLandscapeRight";
				LD_RUNPATH_SEARCH_PATHS = (
					"$(inherited)",
					"@executable_path/Frameworks",
				);
				MARKETING_VERSION = 1.0;
				PRODUCT_BUNDLE_IDENTIFIER = "sakshipatil.Dice-Roll";
				PRODUCT_NAME = "$(TARGET_NAME)";
				SWIFT_EMIT_LOC_STRINGS = YES;
				TARGETED_DEVICE_FAMILY = "1,2";
			};
			name = Debug;
		};
		DCE222672B70F02300166872 /* Release */ = {
			isa = XCBuildConfiguration;
			buildSettings = {
				ASSETCATALOG_COMPILER_APPICON_NAME = AppIcon;
				ASSETCATALOG_COMPILER_GLOBAL_ACCENT_COLOR_NAME = AccentColor;
				CODE_SIGN_STYLE = Automatic;
				CURRENT_PROJECT_VERSION = 1;
				GENERATE_INFOPLIST_FILE = YES;
				INFOPLIST_FILE = "Dice Roll/Info.plist";
				INFOPLIST_KEY_UIApplicationSupportsIndirectInputEvents = YES;
				INFOPLIST_KEY_UILaunchStoryboardName = LaunchScreen;
				INFOPLIST_KEY_UIMainStoryboardFile = Main;
				INFOPLIST_KEY_UISupportedInterfaceOrientations_iPad = "UIInterfaceOrientationPortrait UIInterfaceOrientationPortraitUpsideDown UIInterfaceOrientationLandscapeLeft UIInterfaceOrientationLandscapeRight";
				INFOPLIST_KEY_UISupportedInterfaceOrientations_iPhone = "UIInterfaceOrientationPortrait UIInterfaceOrientationLandscapeLeft UIInterfaceOrientationLandscapeRight";
				LD_RUNPATH_SEARCH_PATHS = (
					"$(inherited)",
					"@executable_path/Frameworks",
				);
				MARKETING_VERSION = 1.0;
				PRODUCT_BUNDLE_IDENTIFIER = "sakshipatil.Dice-Roll";
				PRODUCT_NAME = "$(TARGET_NAME)";
				SWIFT_EMIT_LOC_STRINGS = YES;
				TARGETED_DEVICE_FAMILY = "1,2";
			};
			name = Release;
		};
/* End XCBuildConfiguration section */

/* Begin XCConfigurationList section */
		DCE222472B70F01900166872 /* Build configuration list for PBXProject "Dice Roll" */ = {
			isa = XCConfigurationList;
			buildConfigurations = (
				DCE222632B70F02300166872 /* Debug */,
				DCE222642B70F02300166872 /* Release */,
			);
			defaultConfigurationIsVisible = 0;
			defaultConfigurationName = Release;
		};
		DCE222652B70F02300166872 /* Build configuration list for PBXNativeTarget "Dice Roll" */ = {
			isa = XCConfigurationList;
			buildConfigurations = (
				DCE222662B70F02300166872 /* Debug */,
				DCE222672B70F02300166872 /* Release */,
			);
			defaultConfigurationIsVisible = 0;
			defaultConfigurationName = Release;
		};
/* End XCConfigurationList section */
	};
	rootObject = DCE222442B70F01900166872 /* Project object */;
}
